<?xml version="1.0" encoding="utf-8"?>
<Project ToolsVersion="4.0" xmlns="http://schemas.microsoft.com/developer/msbuild/2003">
  <ItemGroup>
    <Filter Include="Source Files">
      <UniqueIdentifier>{4FC737F1-C7A5-4376-A066-2A32D752A2FF}</UniqueIdentifier>
      <Extensions>cpp;c;cc;cxx;def;odl;idl;hpj;bat;asm;asmx</Extensions>
    </Filter>
    <Filter Include="Header Files">
      <UniqueIdentifier>{93995380-89BD-4b04-88EB-625FBE52EBFB}</UniqueIdentifier>
      <Extensions>h;hpp;hxx;hm;inl;inc;xsd</Extensions>
    </Filter>
    <Filter Include="Resource Files">
      <UniqueIdentifier>{67DA6AB6-F800-4c08-8B7A-83BB121AAD01}</UniqueIdentifier>
      <Extensions>rc;ico;cur;bmp;dlg;rc2;rct;bin;rgs;gif;jpg;jpeg;jpe;resx;tiff;tif;png;wav;mfcribbon-ms</Extensions>
    </Filter>
  </ItemGroup>
  <ItemGroup>
    <ClCompile Include="ImgFtrHaarWavelet.cpp">
      <Filter>Source Files</Filter>
    </ClCompile>
    <ClCompile Include="FaceFinder.cpp">
      <Filter>Source Files</Filter>
    </ClCompile>
    <ClCompile Include="FaceRegions.cpp">
      <Filter>Source Files</Filter>
    </ClCompile>
    <ClCompile Include="common.cpp">
      <Filter>Source Files</Filter>
    </ClCompile>
    <ClCompile Include="Query.cpp">
      <Filter>Source Files</Filter>
    </ClCompile>
    <ClCompile Include="ImgFtrHaarWaveletWhole.cpp">
      <Filter>Source Files</Filter>
    </ClCompile>
    <ClCompile Include="ImgFtrHaarWaveletFace.cpp">
      <Filter>Source Files</Filter>
    </ClCompile>
    <ClCompile Include="ImgDscKeyPt.cpp">
      <Filter>Source Files</Filter>
    </ClCompile>
    <ClCompile Include="SigIndexMany.cpp">
      <Filter>Source Files</Filter>
    </ClCompile>
    <ClCompile Include="RegionDetector.cpp">
      <Filter>Source Files</Filter>
    </ClCompile>
    <ClCompile Include="MLP.cpp">
      <Filter>Source Files</Filter>
    </ClCompile>
    <ClCompile Include="SkinMapDetectorANN.cpp">
      <Filter>Source Files</Filter>
    </ClCompile>
    <ClCompile Include="ResultsDisplay.cpp">
      <Filter>Source Files</Filter>
    </ClCompile>
    <ClCompile Include="ColorMapper.cpp">
      <Filter>Source Files</Filter>
    </ClCompile>
    <ClCompile Include="SkinHist.cpp">
      <Filter>Source Files</Filter>
    </ClCompile>
    <ClCompile Include="ColorHistogram.cpp">
      <Filter>Source Files</Filter>
    </ClCompile>
    <ClCompile Include="ColorFaceLandmarks.cpp">
      <Filter>Source Files</Filter>
    </ClCompile>
    <ClCompile Include="ImgDscLBPH.cpp">
      <Filter>Source Files</Filter>
    </ClCompile>
    <ClCompile Include="Timing.cpp">
      <Filter>Source Files</Filter>
    </ClCompile>
    <ClCompile Include="ImgDscMany.cpp">
      <Filter>Source Files</Filter>
    </ClCompile>
    <ClCompile Include="ImageCollage.cpp">
      <Filter>Source Files</Filter>
    </ClCompile>
    <ClCompile Include="Diagnostics.cpp">
      <Filter>Source Files</Filter>
    </ClCompile>
    <ClCompile Include="ImageDescriptorIndexBase.cpp">
      <Filter>Source Files</Filter>
    </ClCompile>
    <ClCompile Include="ImgDscRSILC.cpp">
      <Filter>Source Files</Filter>
    </ClCompile>
    <ClCompile Include="NearDupImgDetector.cpp">
      <Filter>Source Files</Filter>
    </ClCompile>
    <ClCompile Include="ImgNearDupCollection.cpp">
      <Filter>Source Files</Filter>
    </ClCompile>
    <ClCompile Include="ImgDscMatcher.cpp">
      <Filter>Source Files</Filter>
    </ClCompile>
    <ClCompile Include="Simplex.cpp">
      <Filter>Source Files</Filter>
    </ClCompile>
    <ClCompile Include="ConjugateGradient.cpp">
      <Filter>Source Files</Filter>
    </ClCompile>
    <ClCompile Include="LPSolver.cpp">
      <Filter>Source Files</Filter>
    </ClCompile>
    <ClCompile Include="denoiseTVL1.cpp">
      <Filter>Source Files</Filter>
    </ClCompile>
    <ClCompile Include="Image.cpp">
      <Filter>Source Files</Filter>
    </ClCompile>
    <ClCompile Include="GPU_supp.cpp">
      <Filter>Source Files</Filter>
    </ClCompile>
    <ClCompile Include="ImgDscBase.cpp">
      <Filter>Source Files</Filter>
    </ClCompile>
    <ClCompile Include="cv_supp.cpp">
      <Filter>Source Files</Filter>
    </ClCompile>
    <ClCompile Include="ColorMapManager.cpp">
      <Filter>Source Files</Filter>
    </ClCompile>
    <ClCompile Include="ObjectDetectorANN.cpp">
      <Filter>Source Files</Filter>
    </ClCompile>
    <ClCompile Include="sys_supp.cpp">
      <Filter>Source Files</Filter>
    </ClCompile>
    <ClCompile Include="ImageMatcher.cpp">
      <Filter>Source Files</Filter>
    </ClCompile>
  </ItemGroup>
  <ItemGroup>
    <ClInclude Include="ImgFtrHaarWavelet.h">
      <Filter>Header Files</Filter>
    </ClInclude>
    <ClInclude Include="Image.h">
      <Filter>Header Files</Filter>
    </ClInclude>
    <ClInclude Include="common.h">
      <Filter>Header Files</Filter>
    </ClInclude>
    <ClInclude Include="ListStreamer.h">
      <Filter>Header Files</Filter>
    </ClInclude>
    <ClInclude Include="ios_supp.h">
      <Filter>Header Files</Filter>
    </ClInclude>
    <ClInclude Include="ImageMatcher.h">
      <Filter>Header Files</Filter>
    </ClInclude>
    <ClInclude Include="FaceFinder.h">
      <Filter>Header Files</Filter>
    </ClInclude>
    <ClInclude Include="FaceRegions.h">
      <Filter>Header Files</Filter>
    </ClInclude>
    <ClInclude Include="math_supp.h">
      <Filter>Header Files</Filter>
    </ClInclude>
    <ClInclude Include="Exception.h">
      <Filter>Header Files</Filter>
    </ClInclude>
    <ClInclude Include="Query.h">
      <Filter>Header Files</Filter>
    </ClInclude>
    <ClInclude Include="ImageMatcherFaceRegions.h">
      <Filter>Header Files</Filter>
    </ClInclude>
    <ClInclude Include="ImageMatcherWhole.h">
      <Filter>Header Files</Filter>
    </ClInclude>
    <ClInclude Include="ImageDescriptorIndex.h">
      <Filter>Header Files</Filter>
    </ClInclude>
    <ClInclude Include="ImgDscHaar.h">
      <Filter>Header Files</Filter>
    </ClInclude>
    <ClInclude Include="omp_supp.h">
      <Filter>Header Files</Filter>
    </ClInclude>
    <ClInclude Include="ImgFtrHaarWaveletFace.h">
      <Filter>Header Files</Filter>
    </ClInclude>
    <ClInclude Include="ImgFtrHaarWaveletWhole.h">
      <Filter>Header Files</Filter>
    </ClInclude>
    <ClInclude Include="string_supp.h">
      <Filter>Header Files</Filter>
    </ClInclude>
    <ClInclude Include="ImgDscKeyPt.h">
      <Filter>Header Files</Filter>
    </ClInclude>
    <ClInclude Include="SigIndexMany.h">
      <Filter>Header Files</Filter>
    </ClInclude>
    <ClInclude Include="RegionDetector.h">
      <Filter>Header Files</Filter>
    </ClInclude>
    <ClInclude Include="ANNStructs.h">
      <Filter>Header Files</Filter>
    </ClInclude>
    <ClInclude Include="MLP.h">
      <Filter>Header Files</Filter>
    </ClInclude>
    <ClInclude Include="SkinMapDetectorANN.h">
      <Filter>Header Files</Filter>
    </ClInclude>
    <ClInclude Include="ResultsDisplay.h">
      <Filter>Header Files</Filter>
    </ClInclude>
    <ClInclude Include="ColorMapper.h">
      <Filter>Header Files</Filter>
    </ClInclude>
    <ClInclude Include="Timing.h">
      <Filter>Header Files</Filter>
    </ClInclude>
    <ClInclude Include="UnitTest.h">
      <Filter>Header Files</Filter>
    </ClInclude>
    <ClInclude Include="SigIndexHaar.h">
      <Filter>Header Files</Filter>
    </ClInclude>
    <ClInclude Include="ColorMapManager.h">
      <Filter>Header Files</Filter>
    </ClInclude>
    <ClInclude Include="SkinHIST.h">
      <Filter>Header Files</Filter>
    </ClInclude>
    <ClInclude Include="ColorHistogram.h">
      <Filter>Header Files</Filter>
    </ClInclude>
    <ClInclude Include="ImgDscBase.h">
      <Filter>Header Files</Filter>
    </ClInclude>
    <ClInclude Include="SigIndexKeyPt.h">
      <Filter>Header Files</Filter>
    </ClInclude>
    <ClInclude Include="ColorFaceLandmarks.h">
      <Filter>Header Files</Filter>
    </ClInclude>
    <ClInclude Include="AccuracyEvaluation.h">
      <Filter>Header Files</Filter>
    </ClInclude>
    <ClInclude Include="ImgDscLBPH.h">
      <Filter>Header Files</Filter>
    </ClInclude>
    <ClInclude Include="ObjectDetectorANN.h">
      <Filter>Header Files</Filter>
    </ClInclude>
    <ClInclude Include="ImgDscMany.h">
      <Filter>Header Files</Filter>
    </ClInclude>
    <ClInclude Include="ImageCollage.h">
      <Filter>Header Files</Filter>
    </ClInclude>
    <ClInclude Include="Diagnostics.h">
      <Filter>Header Files</Filter>
    </ClInclude>
    <ClInclude Include="ImageDescriptorIndexBase.h">
      <Filter>Header Files</Filter>
    </ClInclude>
    <ClInclude Include="ImgDscRSILC.h">
      <Filter>Header Files</Filter>
    </ClInclude>
    <ClInclude Include="NearDupImgDetector.h">
      <Filter>Header Files</Filter>
    </ClInclude>
    <ClInclude Include="ImgNearDupCollection.h">
      <Filter>Header Files</Filter>
    </ClInclude>
    <ClInclude Include="ImgDscMatcher.h">
      <Filter>Header Files</Filter>
    </ClInclude>
    <ClInclude Include="optim.h">
      <Filter>Header Files</Filter>
    </ClInclude>
    <ClInclude Include="dcl.h">
      <Filter>Header Files</Filter>
    </ClInclude>
    <ClInclude Include="GPU_supp.h">
      <Filter>Header Files</Filter>
    </ClInclude>
    <ClInclude Include="cv_supp.h">
      <Filter>Header Files</Filter>
    </ClInclude>
  </ItemGroup>
  <ItemGroup>
    <None Include="mainpage.dox">
      <Filter>Resource Files</Filter>
    </None>
    <None Include="doxyfile">
      <Filter>Resource Files</Filter>
    </None>
  </ItemGroup>
</Project>